github.com/fullsailor/pkcs7 v0.0.0-20190404230743-d7302db945fa h1:RDBNVkRviHZtvDvId8XSGPu3rmpmSe+wKRcEWNgsfWU=
github.com/fullsailor/pkcs7 v0.0.0-20190404230743-d7302db945fa/go.mod h1:KnogPXtdwXqoenmZCw6S+25EAm2MkxbG0deNDu4cbSA=
github.com/guardtime/goksi v1.0.0 h1:C3hdur+BGZlh2Yl4oe1CgKnvuXnGyrdYZfCSGB13iEc=
github.com/guardtime/goksi v1.0.0/go.mod h1:GlXSL3I6/RlOeWgRsFxBTFApw5CrCPKPtD79+pvY/CQ=
